
Microsoft Visual Studio Solution File, Format Version 12.00
# Visual Studio Version 17
VisualStudioVersion = 17.5.002.0
MinimumVisualStudioVersion = 10.0.40219.1
Project("{9A19103F-16F7-4668-BE54-9A1E7A4F7556}") = "IndieQuest", "IndieQuest\IndieQuest.csproj", "{C1EEDEC3-0E90-45C7-B47C-33B6316DCE8C}"
EndProject
Global
	GlobalSection(SolutionConfigurationPlatforms) = preSolution
		Debug|Any CPU = Debug|Any CPU
		Release|Any CPU = Release|Any CPU
	EndGlobalSection
	GlobalSection(ProjectConfigurationPlatforms) = postSolution
		{C1EEDEC3-0E90-45C7-B47C-33B6316DCE8C}.Debug|Any CPU.ActiveCfg = Debug|Any CPU
		{C1EEDEC3-0E90-45C7-B47C-33B6316DCE8C}.Debug|Any CPU.Build.0 = Debug|Any CPU
		{C1EEDEC3-0E90-45C7-B47C-33B6316DCE8C}.Release|Any CPU.ActiveCfg = Release|Any CPU
		{C1EEDEC3-0E90-45C7-B47C-33B6316DCE8C}.Release|Any CPU.Build.0 = Release|Any CPU
	EndGlobalSection
	GlobalSection(SolutionProperties) = preSolution
		HideSolutionNode = FALSE
	EndGlobalSection
	GlobalSection(ExtensibilityGlobals) = postSolution
		SolutionGuid = {F706C2F4-8F1D-4388-957A-5D7544B2FC35}
	EndGlobalSection
EndGlobal
